
Microsoft Visual Studio Solution File, Format Version 12.00
Project("{2150E333-8FDC-42A3-9474-1A3956D46DE8}") = "src", "src", "{201C91B2-1085-4BFD-90B9-297A7F07034C}"
EndProject
Project("{2150E333-8FDC-42A3-9474-1A3956D46DE8}") = "tests", "tests", "{5F294A9D-FCD4-454A-96B8-22375811BDB3}"
EndProject
Project("{2150E333-8FDC-42A3-9474-1A3956D46DE8}") = "Solution Items", "Solution Items", "{D2F3E9BB-CE9C-4B5F-80E8-ED86B771F209}"
	ProjectSection(SolutionItems) = preProject
		docker-compose.yaml = docker-compose.yaml
		docker-compose-dependencies.yaml = docker-compose-dependencies.yaml
	EndProjectSection
EndProject
Project("{2150E333-8FDC-42A3-9474-1A3956D46DE8}") = "Libraries", "Libraries", "{55EF0D55-1DA3-4C20-B9EB-CE796F843E7D}"
EndProject
Project("{FAE04EC0-301F-11D3-BF4B-00C04F79EFBC}") = "PartnerUp.Shared", "src\Libraries\PartnerUp.Shared\PartnerUp.Shared.csproj", "{F2D52FC2-7DDB-4778-BB2B-BD3B8016B9A8}"
EndProject
Project("{FAE04EC0-301F-11D3-BF4B-00C04F79EFBC}") = "PartnerUp.EventBus.Messages", "src\Libraries\PartnerUp.EventBus.Messages\PartnerUp.EventBus.Messages.csproj", "{5BB60D0C-6DA6-4CFE-BFF6-8BAD9D24E764}"
EndProject
Project("{2150E333-8FDC-42A3-9474-1A3956D46DE8}") = "Microservices", "Microservices", "{61432141-C13F-44CC-873A-A31B0F443F8B}"
EndProject
Project("{2150E333-8FDC-42A3-9474-1A3956D46DE8}") = "Identity", "Identity", "{4828B468-090C-4842-8A0F-6D6B2888725F}"
EndProject
Project("{FAE04EC0-301F-11D3-BF4B-00C04F79EFBC}") = "PartnerUp.IdentityServer", "src\Microservices\Identity\PartnerUp.IdentityServer\PartnerUp.IdentityServer.csproj", "{5ADE7E76-26F5-4D5B-AB61-330E62356440}"
EndProject
Project("{2150E333-8FDC-42A3-9474-1A3956D46DE8}") = "Persistence", "Persistence", "{3949D091-A24D-45B1-A2D2-4451F0DDA706}"
EndProject
Project("{FAE04EC0-301F-11D3-BF4B-00C04F79EFBC}") = "PartnerUp.Identity.Persistence.Configuration", "src\Microservices\Identity\Persistence\PartnerUp.Identity.Persistence.Configuration\PartnerUp.Identity.Persistence.Configuration.csproj", "{2AC8BFA5-CFA7-42D0-9D24-81A5A31B1239}"
EndProject
Project("{FAE04EC0-301F-11D3-BF4B-00C04F79EFBC}") = "PartnerUp.Identity.Persistence.Operational", "src\Microservices\Identity\Persistence\PartnerUp.Identity.Persistence.Operational\PartnerUp.Identity.Persistence.Operational.csproj", "{07DC266B-3F11-4EEA-A729-32D8B2C76431}"
EndProject
Project("{FAE04EC0-301F-11D3-BF4B-00C04F79EFBC}") = "PartnerUp.Identity.Persistence.People", "src\Microservices\Identity\Persistence\PartnerUp.Identity.Persistence.People\PartnerUp.Identity.Persistence.People.csproj", "{131F0D4F-70C4-4DC4-95A1-5B26EF47DA50}"
EndProject
Project("{2150E333-8FDC-42A3-9474-1A3956D46DE8}") = "WorkManagement", "WorkManagement", "{E59F8FC3-96C3-4973-83A9-3082828F89A0}"
EndProject
Project("{2150E333-8FDC-42A3-9474-1A3956D46DE8}") = "Core", "Core", "{5B78E9F0-AC7A-4092-AE24-7C7F93A18D5A}"
EndProject
Project("{2150E333-8FDC-42A3-9474-1A3956D46DE8}") = "Infrastructure", "Infrastructure", "{2F5970E9-76A4-4229-A1C8-4AFA4BBB0134}"
EndProject
Project("{2150E333-8FDC-42A3-9474-1A3956D46DE8}") = "Presentation", "Presentation", "{159399A1-CA15-46CB-B1AC-FD89E5DDD172}"
EndProject
Project("{FAE04EC0-301F-11D3-BF4B-00C04F79EFBC}") = "PartnerUp.WorkManagement.Domain", "src\Microservices\WorkManagement\Core\PartnerUp.WorkManagement.Domain\PartnerUp.WorkManagement.Domain.csproj", "{BB214E01-AE1D-4ACA-B11B-4015764C54B5}"
EndProject
Project("{FAE04EC0-301F-11D3-BF4B-00C04F79EFBC}") = "PartnerUp.WorkManagement.Application", "src\Microservices\WorkManagement\Core\PartnerUp.WorkManagement.Application\PartnerUp.WorkManagement.Application.csproj", "{E1D686F8-A296-4944-AA46-B95D69FEAE32}"
EndProject
Project("{FAE04EC0-301F-11D3-BF4B-00C04F79EFBC}") = "PartnerUp.WorkManagement.Persistence", "src\Microservices\WorkManagement\Infrastructure\PartnerUp.WorkManagement.Persistence\PartnerUp.WorkManagement.Persistence.csproj", "{4B30652D-7FE4-4D9F-9221-DEDA9A5CF99E}"
EndProject
Project("{FAE04EC0-301F-11D3-BF4B-00C04F79EFBC}") = "PartnerUp.WorkManagement.API", "src\Microservices\WorkManagement\Presentation\PartnerUp.WorkManagement.API\PartnerUp.WorkManagement.API.csproj", "{D1969480-1F61-4D37-8A3B-F3F467D75B86}"
EndProject
Project("{2150E333-8FDC-42A3-9474-1A3956D46DE8}") = "Social", "Social", "{EDDB88F9-1F44-4E80-A184-E597FA707754}"
EndProject
Project("{2150E333-8FDC-42A3-9474-1A3956D46DE8}") = "Content", "Content", "{99B27809-80B4-4A4D-BB71-0B45176D3723}"
EndProject
Project("{2150E333-8FDC-42A3-9474-1A3956D46DE8}") = "Core", "Core", "{1A9B21E8-2504-4FAD-AF00-611252D9C093}"
EndProject
Project("{2150E333-8FDC-42A3-9474-1A3956D46DE8}") = "Infrastructure", "Infrastructure", "{CD7E90AE-7272-412E-B662-34658C9BF467}"
EndProject
Project("{2150E333-8FDC-42A3-9474-1A3956D46DE8}") = "Presentation", "Presentation", "{601F0CE6-749C-4DCE-B3EA-5C8AA68017A5}"
EndProject
Project("{FAE04EC0-301F-11D3-BF4B-00C04F79EFBC}") = "PartnerUp.Social.DataAccess", "src\Microservices\Social\PartnerUp.Social.DataAccess\PartnerUp.Social.DataAccess.csproj", "{7B8C272D-8CDE-49BA-8D29-0E9FB90F8B8B}"
EndProject
Project("{FAE04EC0-301F-11D3-BF4B-00C04F79EFBC}") = "PartnerUp.Social.BusinessLogic", "src\Microservices\Social\PartnerUp.Social.BusinessLogic\PartnerUp.Social.BusinessLogic.csproj", "{850EA687-F327-4481-934A-555A8DFAC06D}"
EndProject
Project("{FAE04EC0-301F-11D3-BF4B-00C04F79EFBC}") = "PartnerUp.Social.API", "src\Microservices\Social\PartnerUp.Social.API\PartnerUp.Social.API.csproj", "{35D34755-590E-4517-A976-722C27630B31}"
EndProject
Project("{FAE04EC0-301F-11D3-BF4B-00C04F79EFBC}") = "PartnerUp.Content.Domain", "src\Microservices\Content\Core\PartnerUp.Content.Domain\PartnerUp.Content.Domain.csproj", "{580932A8-E3BE-45E3-94CE-4D710C3096A3}"
EndProject
Project("{FAE04EC0-301F-11D3-BF4B-00C04F79EFBC}") = "PartnerUp.Content.Application", "src\Microservices\Content\Core\PartnerUp.Content.Application\PartnerUp.Content.Application.csproj", "{624F021E-1043-46F7-939C-47F4384856AD}"
EndProject
Project("{FAE04EC0-301F-11D3-BF4B-00C04F79EFBC}") = "PartnerUp.Content.Persistence", "src\Microservices\Content\Infrastructure\PartnerUp.Content.Persistence\PartnerUp.Content.Persistence.csproj", "{FE2DE084-237F-4B3D-8507-57B4EB3628FD}"
EndProject
Project("{FAE04EC0-301F-11D3-BF4B-00C04F79EFBC}") = "PartnerUp.Content.API", "src\Microservices\Content\Presentation\PartnerUp.Content.API\PartnerUp.Content.API.csproj", "{EE2F3B9B-9DA9-4550-8E23-9B3F4B348653}"
EndProject
Project("{2150E333-8FDC-42A3-9474-1A3956D46DE8}") = "People", "People", "{4D664BE8-A16B-4B8F-AD72-839E3FD6E752}"
EndProject
Project("{FAE04EC0-301F-11D3-BF4B-00C04F79EFBC}") = "PartnerUp.Identity.People.BusinessLogic", "src\Microservices\Identity\People\PartnerUp.Identity.People.BusinessLogic\PartnerUp.Identity.People.BusinessLogic.csproj", "{2736EAAD-77A4-4701-B29C-83E7F9FD059D}"
EndProject
Project("{FAE04EC0-301F-11D3-BF4B-00C04F79EFBC}") = "PartnerUp.Identity.People.API", "src\Microservices\Identity\People\PartnerUp.Identity.People.API\PartnerUp.Identity.People.API.csproj", "{BFC33814-F766-4070-962E-1FBAF80C25BA}"
EndProject
Project("{FAE04EC0-301F-11D3-BF4B-00C04F79EFBC}") = "PartnerUp.Gateway", "src\PartnerUp.Gateway\PartnerUp.Gateway.csproj", "{01EDB7E5-FF03-43C7-96AD-01ACF3AB12B1}"
EndProject
Global
	GlobalSection(SolutionConfigurationPlatforms) = preSolution
		Debug|Any CPU = Debug|Any CPU
		Release|Any CPU = Release|Any CPU
	EndGlobalSection
	GlobalSection(NestedProjects) = preSolution
		{55EF0D55-1DA3-4C20-B9EB-CE796F843E7D} = {201C91B2-1085-4BFD-90B9-297A7F07034C}
		{F2D52FC2-7DDB-4778-BB2B-BD3B8016B9A8} = {55EF0D55-1DA3-4C20-B9EB-CE796F843E7D}
		{5BB60D0C-6DA6-4CFE-BFF6-8BAD9D24E764} = {55EF0D55-1DA3-4C20-B9EB-CE796F843E7D}
		{61432141-C13F-44CC-873A-A31B0F443F8B} = {201C91B2-1085-4BFD-90B9-297A7F07034C}
		{4828B468-090C-4842-8A0F-6D6B2888725F} = {61432141-C13F-44CC-873A-A31B0F443F8B}
		{5ADE7E76-26F5-4D5B-AB61-330E62356440} = {4828B468-090C-4842-8A0F-6D6B2888725F}
		{3949D091-A24D-45B1-A2D2-4451F0DDA706} = {4828B468-090C-4842-8A0F-6D6B2888725F}
		{2AC8BFA5-CFA7-42D0-9D24-81A5A31B1239} = {3949D091-A24D-45B1-A2D2-4451F0DDA706}
		{07DC266B-3F11-4EEA-A729-32D8B2C76431} = {3949D091-A24D-45B1-A2D2-4451F0DDA706}
		{131F0D4F-70C4-4DC4-95A1-5B26EF47DA50} = {3949D091-A24D-45B1-A2D2-4451F0DDA706}
		{E59F8FC3-96C3-4973-83A9-3082828F89A0} = {61432141-C13F-44CC-873A-A31B0F443F8B}
		{5B78E9F0-AC7A-4092-AE24-7C7F93A18D5A} = {E59F8FC3-96C3-4973-83A9-3082828F89A0}
		{2F5970E9-76A4-4229-A1C8-4AFA4BBB0134} = {E59F8FC3-96C3-4973-83A9-3082828F89A0}
		{159399A1-CA15-46CB-B1AC-FD89E5DDD172} = {E59F8FC3-96C3-4973-83A9-3082828F89A0}
		{BB214E01-AE1D-4ACA-B11B-4015764C54B5} = {5B78E9F0-AC7A-4092-AE24-7C7F93A18D5A}
		{E1D686F8-A296-4944-AA46-B95D69FEAE32} = {5B78E9F0-AC7A-4092-AE24-7C7F93A18D5A}
		{4B30652D-7FE4-4D9F-9221-DEDA9A5CF99E} = {2F5970E9-76A4-4229-A1C8-4AFA4BBB0134}
		{D1969480-1F61-4D37-8A3B-F3F467D75B86} = {159399A1-CA15-46CB-B1AC-FD89E5DDD172}
		{EDDB88F9-1F44-4E80-A184-E597FA707754} = {61432141-C13F-44CC-873A-A31B0F443F8B}
		{99B27809-80B4-4A4D-BB71-0B45176D3723} = {61432141-C13F-44CC-873A-A31B0F443F8B}
		{1A9B21E8-2504-4FAD-AF00-611252D9C093} = {99B27809-80B4-4A4D-BB71-0B45176D3723}
		{CD7E90AE-7272-412E-B662-34658C9BF467} = {99B27809-80B4-4A4D-BB71-0B45176D3723}
		{601F0CE6-749C-4DCE-B3EA-5C8AA68017A5} = {99B27809-80B4-4A4D-BB71-0B45176D3723}
		{7B8C272D-8CDE-49BA-8D29-0E9FB90F8B8B} = {EDDB88F9-1F44-4E80-A184-E597FA707754}
		{850EA687-F327-4481-934A-555A8DFAC06D} = {EDDB88F9-1F44-4E80-A184-E597FA707754}
		{35D34755-590E-4517-A976-722C27630B31} = {EDDB88F9-1F44-4E80-A184-E597FA707754}
		{580932A8-E3BE-45E3-94CE-4D710C3096A3} = {1A9B21E8-2504-4FAD-AF00-611252D9C093}
		{624F021E-1043-46F7-939C-47F4384856AD} = {1A9B21E8-2504-4FAD-AF00-611252D9C093}
		{FE2DE084-237F-4B3D-8507-57B4EB3628FD} = {CD7E90AE-7272-412E-B662-34658C9BF467}
		{EE2F3B9B-9DA9-4550-8E23-9B3F4B348653} = {601F0CE6-749C-4DCE-B3EA-5C8AA68017A5}
		{4D664BE8-A16B-4B8F-AD72-839E3FD6E752} = {4828B468-090C-4842-8A0F-6D6B2888725F}
		{2736EAAD-77A4-4701-B29C-83E7F9FD059D} = {4D664BE8-A16B-4B8F-AD72-839E3FD6E752}
		{BFC33814-F766-4070-962E-1FBAF80C25BA} = {4D664BE8-A16B-4B8F-AD72-839E3FD6E752}
		{01EDB7E5-FF03-43C7-96AD-01ACF3AB12B1} = {201C91B2-1085-4BFD-90B9-297A7F07034C}
	EndGlobalSection
	GlobalSection(ProjectConfigurationPlatforms) = postSolution
		{F2D52FC2-7DDB-4778-BB2B-BD3B8016B9A8}.Debug|Any CPU.ActiveCfg = Debug|Any CPU
		{F2D52FC2-7DDB-4778-BB2B-BD3B8016B9A8}.Debug|Any CPU.Build.0 = Debug|Any CPU
		{F2D52FC2-7DDB-4778-BB2B-BD3B8016B9A8}.Release|Any CPU.ActiveCfg = Release|Any CPU
		{F2D52FC2-7DDB-4778-BB2B-BD3B8016B9A8}.Release|Any CPU.Build.0 = Release|Any CPU
		{5BB60D0C-6DA6-4CFE-BFF6-8BAD9D24E764}.Debug|Any CPU.ActiveCfg = Debug|Any CPU
		{5BB60D0C-6DA6-4CFE-BFF6-8BAD9D24E764}.Debug|Any CPU.Build.0 = Debug|Any CPU
		{5BB60D0C-6DA6-4CFE-BFF6-8BAD9D24E764}.Release|Any CPU.ActiveCfg = Release|Any CPU
		{5BB60D0C-6DA6-4CFE-BFF6-8BAD9D24E764}.Release|Any CPU.Build.0 = Release|Any CPU
		{5ADE7E76-26F5-4D5B-AB61-330E62356440}.Debug|Any CPU.ActiveCfg = Debug|Any CPU
		{5ADE7E76-26F5-4D5B-AB61-330E62356440}.Debug|Any CPU.Build.0 = Debug|Any CPU
		{5ADE7E76-26F5-4D5B-AB61-330E62356440}.Release|Any CPU.ActiveCfg = Release|Any CPU
		{5ADE7E76-26F5-4D5B-AB61-330E62356440}.Release|Any CPU.Build.0 = Release|Any CPU
		{2AC8BFA5-CFA7-42D0-9D24-81A5A31B1239}.Debug|Any CPU.ActiveCfg = Debug|Any CPU
		{2AC8BFA5-CFA7-42D0-9D24-81A5A31B1239}.Debug|Any CPU.Build.0 = Debug|Any CPU
		{2AC8BFA5-CFA7-42D0-9D24-81A5A31B1239}.Release|Any CPU.ActiveCfg = Release|Any CPU
		{2AC8BFA5-CFA7-42D0-9D24-81A5A31B1239}.Release|Any CPU.Build.0 = Release|Any CPU
		{07DC266B-3F11-4EEA-A729-32D8B2C76431}.Debug|Any CPU.ActiveCfg = Debug|Any CPU
		{07DC266B-3F11-4EEA-A729-32D8B2C76431}.Debug|Any CPU.Build.0 = Debug|Any CPU
		{07DC266B-3F11-4EEA-A729-32D8B2C76431}.Release|Any CPU.ActiveCfg = Release|Any CPU
		{07DC266B-3F11-4EEA-A729-32D8B2C76431}.Release|Any CPU.Build.0 = Release|Any CPU
		{131F0D4F-70C4-4DC4-95A1-5B26EF47DA50}.Debug|Any CPU.ActiveCfg = Debug|Any CPU
		{131F0D4F-70C4-4DC4-95A1-5B26EF47DA50}.Debug|Any CPU.Build.0 = Debug|Any CPU
		{131F0D4F-70C4-4DC4-95A1-5B26EF47DA50}.Release|Any CPU.ActiveCfg = Release|Any CPU
		{131F0D4F-70C4-4DC4-95A1-5B26EF47DA50}.Release|Any CPU.Build.0 = Release|Any CPU
		{BB214E01-AE1D-4ACA-B11B-4015764C54B5}.Debug|Any CPU.ActiveCfg = Debug|Any CPU
		{BB214E01-AE1D-4ACA-B11B-4015764C54B5}.Debug|Any CPU.Build.0 = Debug|Any CPU
		{BB214E01-AE1D-4ACA-B11B-4015764C54B5}.Release|Any CPU.ActiveCfg = Release|Any CPU
		{BB214E01-AE1D-4ACA-B11B-4015764C54B5}.Release|Any CPU.Build.0 = Release|Any CPU
		{E1D686F8-A296-4944-AA46-B95D69FEAE32}.Debug|Any CPU.ActiveCfg = Debug|Any CPU
		{E1D686F8-A296-4944-AA46-B95D69FEAE32}.Debug|Any CPU.Build.0 = Debug|Any CPU
		{E1D686F8-A296-4944-AA46-B95D69FEAE32}.Release|Any CPU.ActiveCfg = Release|Any CPU
		{E1D686F8-A296-4944-AA46-B95D69FEAE32}.Release|Any CPU.Build.0 = Release|Any CPU
		{4B30652D-7FE4-4D9F-9221-DEDA9A5CF99E}.Debug|Any CPU.ActiveCfg = Debug|Any CPU
		{4B30652D-7FE4-4D9F-9221-DEDA9A5CF99E}.Debug|Any CPU.Build.0 = Debug|Any CPU
		{4B30652D-7FE4-4D9F-9221-DEDA9A5CF99E}.Release|Any CPU.ActiveCfg = Release|Any CPU
		{4B30652D-7FE4-4D9F-9221-DEDA9A5CF99E}.Release|Any CPU.Build.0 = Release|Any CPU
		{D1969480-1F61-4D37-8A3B-F3F467D75B86}.Debug|Any CPU.ActiveCfg = Debug|Any CPU
		{D1969480-1F61-4D37-8A3B-F3F467D75B86}.Debug|Any CPU.Build.0 = Debug|Any CPU
		{D1969480-1F61-4D37-8A3B-F3F467D75B86}.Release|Any CPU.ActiveCfg = Release|Any CPU
		{D1969480-1F61-4D37-8A3B-F3F467D75B86}.Release|Any CPU.Build.0 = Release|Any CPU
		{7B8C272D-8CDE-49BA-8D29-0E9FB90F8B8B}.Debug|Any CPU.ActiveCfg = Debug|Any CPU
		{7B8C272D-8CDE-49BA-8D29-0E9FB90F8B8B}.Debug|Any CPU.Build.0 = Debug|Any CPU
		{7B8C272D-8CDE-49BA-8D29-0E9FB90F8B8B}.Release|Any CPU.ActiveCfg = Release|Any CPU
		{7B8C272D-8CDE-49BA-8D29-0E9FB90F8B8B}.Release|Any CPU.Build.0 = Release|Any CPU
		{850EA687-F327-4481-934A-555A8DFAC06D}.Debug|Any CPU.ActiveCfg = Debug|Any CPU
		{850EA687-F327-4481-934A-555A8DFAC06D}.Debug|Any CPU.Build.0 = Debug|Any CPU
		{850EA687-F327-4481-934A-555A8DFAC06D}.Release|Any CPU.ActiveCfg = Release|Any CPU
		{850EA687-F327-4481-934A-555A8DFAC06D}.Release|Any CPU.Build.0 = Release|Any CPU
		{35D34755-590E-4517-A976-722C27630B31}.Debug|Any CPU.ActiveCfg = Debug|Any CPU
		{35D34755-590E-4517-A976-722C27630B31}.Debug|Any CPU.Build.0 = Debug|Any CPU
		{35D34755-590E-4517-A976-722C27630B31}.Release|Any CPU.ActiveCfg = Release|Any CPU
		{35D34755-590E-4517-A976-722C27630B31}.Release|Any CPU.Build.0 = Release|Any CPU
		{580932A8-E3BE-45E3-94CE-4D710C3096A3}.Debug|Any CPU.ActiveCfg = Debug|Any CPU
		{580932A8-E3BE-45E3-94CE-4D710C3096A3}.Debug|Any CPU.Build.0 = Debug|Any CPU
		{580932A8-E3BE-45E3-94CE-4D710C3096A3}.Release|Any CPU.ActiveCfg = Release|Any CPU
		{580932A8-E3BE-45E3-94CE-4D710C3096A3}.Release|Any CPU.Build.0 = Release|Any CPU
		{624F021E-1043-46F7-939C-47F4384856AD}.Debug|Any CPU.ActiveCfg = Debug|Any CPU
		{624F021E-1043-46F7-939C-47F4384856AD}.Debug|Any CPU.Build.0 = Debug|Any CPU
		{624F021E-1043-46F7-939C-47F4384856AD}.Release|Any CPU.ActiveCfg = Release|Any CPU
		{624F021E-1043-46F7-939C-47F4384856AD}.Release|Any CPU.Build.0 = Release|Any CPU
		{FE2DE084-237F-4B3D-8507-57B4EB3628FD}.Debug|Any CPU.ActiveCfg = Debug|Any CPU
		{FE2DE084-237F-4B3D-8507-57B4EB3628FD}.Debug|Any CPU.Build.0 = Debug|Any CPU
		{FE2DE084-237F-4B3D-8507-57B4EB3628FD}.Release|Any CPU.ActiveCfg = Release|Any CPU
		{FE2DE084-237F-4B3D-8507-57B4EB3628FD}.Release|Any CPU.Build.0 = Release|Any CPU
		{EE2F3B9B-9DA9-4550-8E23-9B3F4B348653}.Debug|Any CPU.ActiveCfg = Debug|Any CPU
		{EE2F3B9B-9DA9-4550-8E23-9B3F4B348653}.Debug|Any CPU.Build.0 = Debug|Any CPU
		{EE2F3B9B-9DA9-4550-8E23-9B3F4B348653}.Release|Any CPU.ActiveCfg = Release|Any CPU
		{EE2F3B9B-9DA9-4550-8E23-9B3F4B348653}.Release|Any CPU.Build.0 = Release|Any CPU
		{2736EAAD-77A4-4701-B29C-83E7F9FD059D}.Debug|Any CPU.ActiveCfg = Debug|Any CPU
		{2736EAAD-77A4-4701-B29C-83E7F9FD059D}.Debug|Any CPU.Build.0 = Debug|Any CPU
		{2736EAAD-77A4-4701-B29C-83E7F9FD059D}.Release|Any CPU.ActiveCfg = Release|Any CPU
		{2736EAAD-77A4-4701-B29C-83E7F9FD059D}.Release|Any CPU.Build.0 = Release|Any CPU
		{BFC33814-F766-4070-962E-1FBAF80C25BA}.Debug|Any CPU.ActiveCfg = Debug|Any CPU
		{BFC33814-F766-4070-962E-1FBAF80C25BA}.Debug|Any CPU.Build.0 = Debug|Any CPU
		{BFC33814-F766-4070-962E-1FBAF80C25BA}.Release|Any CPU.ActiveCfg = Release|Any CPU
		{BFC33814-F766-4070-962E-1FBAF80C25BA}.Release|Any CPU.Build.0 = Release|Any CPU
		{01EDB7E5-FF03-43C7-96AD-01ACF3AB12B1}.Debug|Any CPU.ActiveCfg = Debug|Any CPU
		{01EDB7E5-FF03-43C7-96AD-01ACF3AB12B1}.Debug|Any CPU.Build.0 = Debug|Any CPU
		{01EDB7E5-FF03-43C7-96AD-01ACF3AB12B1}.Release|Any CPU.ActiveCfg = Release|Any CPU
		{01EDB7E5-FF03-43C7-96AD-01ACF3AB12B1}.Release|Any CPU.Build.0 = Release|Any CPU
	EndGlobalSection
EndGlobal
